{
  "capabilities": {
    "actions": {
      "repo": "in-lockstep/lockstep/actions",
      "sha": "45f5a996ffbe35ba03ee18d540de6dcd3f9c6011",
      "tag": "actions-v0.1.1"
    },
    "exec": {
      "digest": "sha256:70de3f808f16cf308864107c0659c08245dee1910aab50c38c20cdb684fc7253",
      "image": "ghcr.io/in-lockstep/pipeline-exec",
      "package": "in-lockstep-exec",
      "version": "0.1.0"
    }
  },
  "external": {
    "actions/checkout": {
      "sha": "11d5960a326750d5838078e36cf38b85af677262",
      "tag": "v4"
    },
    "actions/download-artifact": {
      "sha": "634f93cb2916e3fdff6788551b99b062d0335ce0",
      "tag": "v5"
    }
  },
  "inherits": {}
}
