# Provenance record for src/in_lockstep/ai/llm/ — see VENDORED.md.
# Hashes are of the ORIGIN files at the commit below, not of the vendored copies.
origin_repo: pipeline-framework
origin_commit: 6ac3cde908b0b6230f06d33210d39ef352dafd20
origin_signed: true
captured: 2026-08-28
files:
  src/llm/__init__.py: 96a89e2fa5afec49d7a3a9d958b58a930feb7eaee89e0e54573ff59a1e7d645a
  src/llm/interface.py: d37428b745022981dd664517e460832d097ba8dc2cf2a9416807ba80b136f4b7
  src/llm/resolver.py: f6121939de4c2cd34ca1255b2f0d213e76670a679acda03f4c07fb03d5149570
  src/llm/types.py: a3628391c0dc90ba9823365031071887f633e43f38742f5de084878664f473cc
  src/llm/providers/anthropic.py: f7a547f48f88a47341b419f18143e666758a55a6af9975cc9017000619c7c816
  src/llm/providers/bedrock.py: 11e15a2cb4c7ed2ab3668e3cc3a62868ef3bf2077b6bd596deafc722c1bf1381
  src/llm/providers/google_gemini.py: 7efdcc89c57f27742f0754c5aea82bacf81e9fa4e8ff35063a1e55fc1323664e
  src/llm/providers/ollama.py: 17e840cc78f05f173da420fa7b8d85ca46d38ba9210e5c9d6a3d01050a801ee9
  src/llm/providers/openai_compat.py: 6477f233c4a750a4031e1995dc31b764563b1f8c255081a2cee0a8283e46869d
  src/llm/providers/vertex_claude.py: bb8b868a05e157e06b94496f05a2abad5745a7b584083bb589dcab9ebf383903
