{
  "capabilities": {
    "actions": {
      "repo": "in-lockstep/lockstep/actions",
      "sha": "0000000000000000000000000000000000000000",
      "tag": "actions-v1.0.0"
    },
    "exec": {
      "image": "ghcr.io/in-lockstep/pipeline-exec",
      "package": "in-lockstep-exec",
      "version": "0.1.0",
      "digest": "sha256:0000000000000000000000000000000000000000000000000000000000000000"
    }
  },
  "external": {
    "actions/checkout": {
      "sha": "11d5960a326750d5838078e36cf38b85af677262",
      "tag": "v4"
    }
  }
}
